
Microsoft Visual Studio Solution File, Format Version 12.00
# Visual Studio Version 16
VisualStudioVersion = 16.0.29403.142
MinimumVisualStudioVersion = 10.0.40219.1
Project("{FAE04EC0-301F-11D3-BF4B-00C04F79EFBC}") = "LoopTask4", "LoopTask4\LoopTask4.csproj", "{4CBC3CAA-D7EF-4CE7-B904-F0E1DDA041FC}"
EndProject
Global
	GlobalSection(SolutionConfigurationPlatforms) = preSolution
		Debug|Any CPU = Debug|Any CPU
		Release|Any CPU = Release|Any CPU
	EndGlobalSection
	GlobalSection(ProjectConfigurationPlatforms) = postSolution
		{4CBC3CAA-D7EF-4CE7-B904-F0E1DDA041FC}.Debug|Any CPU.ActiveCfg = Debug|Any CPU
		{4CBC3CAA-D7EF-4CE7-B904-F0E1DDA041FC}.Debug|Any CPU.Build.0 = Debug|Any CPU
		{4CBC3CAA-D7EF-4CE7-B904-F0E1DDA041FC}.Release|Any CPU.ActiveCfg = Release|Any CPU
		{4CBC3CAA-D7EF-4CE7-B904-F0E1DDA041FC}.Release|Any CPU.Build.0 = Release|Any CPU
	EndGlobalSection
	GlobalSection(SolutionProperties) = preSolution
		HideSolutionNode = FALSE
	EndGlobalSection
	GlobalSection(ExtensibilityGlobals) = postSolution
		SolutionGuid = {36616D8F-9618-47B6-8CE9-575B06F9EC69}
	EndGlobalSection
EndGlobal
