
Microsoft Visual Studio Solution File, Format Version 12.00
# Visual Studio Version 16
VisualStudioVersion = 16.0.29403.142
MinimumVisualStudioVersion = 10.0.40219.1
Project("{FAE04EC0-301F-11D3-BF4B-00C04F79EFBC}") = "LoopContinues5", "LoopContinues5\LoopContinues5.csproj", "{0E89760E-F5D3-4847-BB20-032C8D566DDC}"
EndProject
Global
	GlobalSection(SolutionConfigurationPlatforms) = preSolution
		Debug|Any CPU = Debug|Any CPU
		Release|Any CPU = Release|Any CPU
	EndGlobalSection
	GlobalSection(ProjectConfigurationPlatforms) = postSolution
		{0E89760E-F5D3-4847-BB20-032C8D566DDC}.Debug|Any CPU.ActiveCfg = Debug|Any CPU
		{0E89760E-F5D3-4847-BB20-032C8D566DDC}.Debug|Any CPU.Build.0 = Debug|Any CPU
		{0E89760E-F5D3-4847-BB20-032C8D566DDC}.Release|Any CPU.ActiveCfg = Release|Any CPU
		{0E89760E-F5D3-4847-BB20-032C8D566DDC}.Release|Any CPU.Build.0 = Release|Any CPU
	EndGlobalSection
	GlobalSection(SolutionProperties) = preSolution
		HideSolutionNode = FALSE
	EndGlobalSection
	GlobalSection(ExtensibilityGlobals) = postSolution
		SolutionGuid = {6A5FBD2F-E26A-4CBF-800C-77E1F616B2B2}
	EndGlobalSection
EndGlobal
