
Microsoft Visual Studio Solution File, Format Version 12.00
# Visual Studio Version 16
VisualStudioVersion = 16.0.29403.142
MinimumVisualStudioVersion = 10.0.40219.1
Project("{FAE04EC0-301F-11D3-BF4B-00C04F79EFBC}") = "LoopContinues4", "LoopContinues4\LoopContinues4.csproj", "{BFF77BDF-89A3-462D-AA4F-330187625694}"
EndProject
Global
	GlobalSection(SolutionConfigurationPlatforms) = preSolution
		Debug|Any CPU = Debug|Any CPU
		Release|Any CPU = Release|Any CPU
	EndGlobalSection
	GlobalSection(ProjectConfigurationPlatforms) = postSolution
		{BFF77BDF-89A3-462D-AA4F-330187625694}.Debug|Any CPU.ActiveCfg = Debug|Any CPU
		{BFF77BDF-89A3-462D-AA4F-330187625694}.Debug|Any CPU.Build.0 = Debug|Any CPU
		{BFF77BDF-89A3-462D-AA4F-330187625694}.Release|Any CPU.ActiveCfg = Release|Any CPU
		{BFF77BDF-89A3-462D-AA4F-330187625694}.Release|Any CPU.Build.0 = Release|Any CPU
	EndGlobalSection
	GlobalSection(SolutionProperties) = preSolution
		HideSolutionNode = FALSE
	EndGlobalSection
	GlobalSection(ExtensibilityGlobals) = postSolution
		SolutionGuid = {7CB94E0B-C7BF-4C70-80F5-4C7BF25D5CAE}
	EndGlobalSection
EndGlobal
